
Microsoft Visual Studio Solution File, Format Version 12.00
# Visual Studio Version 16
VisualStudioVersion = 16.0.29519.181
MinimumVisualStudioVersion = 10.0.40219.1
Project("{9A19103F-16F7-4668-BE54-9A1E7A4F7556}") = "JamPlace.IdentityServer4", "JamPlace.IdentityServer4\JamPlace.IdentityServer4.csproj", "{4D376887-25A4-42B7-9B8F-3FF57A6453C1}"
EndProject
Project("{9A19103F-16F7-4668-BE54-9A1E7A4F7556}") = "JamPlace.Api", "JamPlace.Api\JamPlace.Api.csproj", "{E74DD437-DC6F-45A2-9E84-A47F75D31B87}"
EndProject
Project("{9A19103F-16F7-4668-BE54-9A1E7A4F7556}") = "JamPlace.DomainLayer", "JamPlace.DomainLayer\JamPlace.DomainLayer.csproj", "{2A39076C-4DB2-4BE9-BE8C-1CC6218B6E00}"
EndProject
Project("{9A19103F-16F7-4668-BE54-9A1E7A4F7556}") = "JamPlace.DataLayer", "JamPlace.DataLayer\JamPlace.DataLayer.csproj", "{6A784F53-DC4B-4D67-8E92-7BDA84A75AD2}"
EndProject
Project("{FAE04EC0-301F-11D3-BF4B-00C04F79EFBC}") = "JamPlace.DomainLayer.Tests", "JamPlace.DomainLayer.Tests\JamPlace.DomainLayer.Tests.csproj", "{65E22C26-53E4-4490-ABDD-604D55152897}"
EndProject
Project("{FAE04EC0-301F-11D3-BF4B-00C04F79EFBC}") = "JamPlace.TeamCity.TestLogger", "JamPlace.TeamCity.TestLogger\JamPlace.TeamCity.TestLogger.csproj", "{609C6415-52D9-4238-9E4B-C5B3D39EFFBD}"
EndProject
Global
	GlobalSection(SolutionConfigurationPlatforms) = preSolution
		Debug|Any CPU = Debug|Any CPU
		Release|Any CPU = Release|Any CPU
	EndGlobalSection
	GlobalSection(ProjectConfigurationPlatforms) = postSolution
		{4D376887-25A4-42B7-9B8F-3FF57A6453C1}.Debug|Any CPU.ActiveCfg = Debug|Any CPU
		{4D376887-25A4-42B7-9B8F-3FF57A6453C1}.Debug|Any CPU.Build.0 = Debug|Any CPU
		{4D376887-25A4-42B7-9B8F-3FF57A6453C1}.Release|Any CPU.ActiveCfg = Release|Any CPU
		{4D376887-25A4-42B7-9B8F-3FF57A6453C1}.Release|Any CPU.Build.0 = Release|Any CPU
		{E74DD437-DC6F-45A2-9E84-A47F75D31B87}.Debug|Any CPU.ActiveCfg = Debug|Any CPU
		{E74DD437-DC6F-45A2-9E84-A47F75D31B87}.Debug|Any CPU.Build.0 = Debug|Any CPU
		{E74DD437-DC6F-45A2-9E84-A47F75D31B87}.Release|Any CPU.ActiveCfg = Release|Any CPU
		{E74DD437-DC6F-45A2-9E84-A47F75D31B87}.Release|Any CPU.Build.0 = Release|Any CPU
		{2A39076C-4DB2-4BE9-BE8C-1CC6218B6E00}.Debug|Any CPU.ActiveCfg = Debug|Any CPU
		{2A39076C-4DB2-4BE9-BE8C-1CC6218B6E00}.Debug|Any CPU.Build.0 = Debug|Any CPU
		{2A39076C-4DB2-4BE9-BE8C-1CC6218B6E00}.Release|Any CPU.ActiveCfg = Release|Any CPU
		{2A39076C-4DB2-4BE9-BE8C-1CC6218B6E00}.Release|Any CPU.Build.0 = Release|Any CPU
		{6A784F53-DC4B-4D67-8E92-7BDA84A75AD2}.Debug|Any CPU.ActiveCfg = Debug|Any CPU
		{6A784F53-DC4B-4D67-8E92-7BDA84A75AD2}.Debug|Any CPU.Build.0 = Debug|Any CPU
		{6A784F53-DC4B-4D67-8E92-7BDA84A75AD2}.Release|Any CPU.ActiveCfg = Release|Any CPU
		{6A784F53-DC4B-4D67-8E92-7BDA84A75AD2}.Release|Any CPU.Build.0 = Release|Any CPU
		{65E22C26-53E4-4490-ABDD-604D55152897}.Debug|Any CPU.ActiveCfg = Debug|Any CPU
		{65E22C26-53E4-4490-ABDD-604D55152897}.Debug|Any CPU.Build.0 = Debug|Any CPU
		{65E22C26-53E4-4490-ABDD-604D55152897}.Release|Any CPU.ActiveCfg = Release|Any CPU
		{65E22C26-53E4-4490-ABDD-604D55152897}.Release|Any CPU.Build.0 = Release|Any CPU
		{609C6415-52D9-4238-9E4B-C5B3D39EFFBD}.Debug|Any CPU.ActiveCfg = Debug|Any CPU
		{609C6415-52D9-4238-9E4B-C5B3D39EFFBD}.Debug|Any CPU.Build.0 = Debug|Any CPU
		{609C6415-52D9-4238-9E4B-C5B3D39EFFBD}.Release|Any CPU.ActiveCfg = Release|Any CPU
		{609C6415-52D9-4238-9E4B-C5B3D39EFFBD}.Release|Any CPU.Build.0 = Release|Any CPU
	EndGlobalSection
	GlobalSection(SolutionProperties) = preSolution
		HideSolutionNode = FALSE
	EndGlobalSection
	GlobalSection(ExtensibilityGlobals) = postSolution
		SolutionGuid = {480D6764-E596-4024-A663-A7F263A7888D}
	EndGlobalSection
EndGlobal
